<?xml version="1.0" encoding="utf-8"?>
<Project ToolsVersion="4.0" xmlns="http://schemas.microsoft.com/developer/msbuild/2003">
  <ItemGroup>
    <ClCompile Include="lexer.cpp" />
    <ClCompile Include="main.cpp" />
    <ClCompile Include="parser.tab.cpp" />
    <ClCompile Include="PrettyPrinterVisitor.cpp" />
    <ClCompile Include="TypeIdentifier.cpp" />
    <ClCompile Include="SymbolTable.cpp" />
  </ItemGroup>
  <ItemGroup>
    <ClInclude Include="ClassDecl.h" />
    <ClInclude Include="ClassDeclList.h" />
    <ClInclude Include="Exp.h" />
    <ClInclude Include="FormalList.h" />
    <ClInclude Include="Grammar.h" />
    <ClInclude Include="MainClass.h" />
    <ClInclude Include="MethodDecl.h" />
    <ClInclude Include="MethodDeclList.h" />
    <ClInclude Include="parser.tab.hpp" />
    <ClInclude Include="PrettyPrinterVisitor.h" />
    <ClInclude Include="Program.h" />
    <ClInclude Include="Type.h" />
    <ClInclude Include="VarDecl.h" />
    <ClInclude Include="VarDeclList.h" />
    <ClInclude Include="Visitor.h" />
    <ClInclude Include="StatementList.h" />
    <ClInclude Include="Statement.h" />
    <ClInclude Include="MethodDescription.h" />
    <ClInclude Include="ClassDescription.h" />
    <ClInclude Include="FieldDescription.h" />
    <ClInclude Include="SymbolTable.h" />
    <ClInclude Include="TypeIdentifier.h" />
  </ItemGroup>
  <ItemGroup>
    <CustomBuild Include="lexer.l" />
    <CustomBuild Include="parser.y" />
  </ItemGroup>
</Project>