<?xml version="1.0" encoding="utf-8"?>
<Project ToolsVersion="4.0" xmlns="http://schemas.microsoft.com/developer/msbuild/2003">
  <ItemGroup>
    <ClCompile Include="main.cpp" />
    <ClCompile Include="SymbolsTable\SymbolTableConstructor.cpp" />
    <ClCompile Include="SymbolsTable\TypeIdentifier.cpp" />
    <ClCompile Include="lexer.cpp" />
    <ClCompile Include="parser.tab.cpp" />
    <ClCompile Include="AbstractTree\PrettyPrinterVisitor.cpp" />
    <ClCompile Include="SymbolsTable\ErrorsAggregator.cpp" />
    <ClCompile Include="IRTree\Temp.cpp" />
    <ClCompile Include="SymbolsTable\TypeChecker.cpp" />
    <ClCompile Include="SymbolsTable\SymbolsTable.cpp" />
    <ClCompile Include="Frame.cpp" />
    <ClCompile Include="Digrapg.cpp" />
    <ClCompile Include="IRTree\IRTreeToDigraphConverter.cpp" />
    <ClCompile Include="IRTree\IRForestBuilder.cpp" />
    <ClCompile Include="IRTree\IRHelpers.cpp" />
    <ClCompile Include="IRCanonizer\IRTreeEseqLifter.cpp" />
    <ClCompile Include="IRCanonizer\IRTreeCallLifter.cpp" />
    <ClCompile Include="IRCanonizer\IRTreeLinearizer.cpp" />
    <ClCompile Include="CodeGeneration\Instruction.cpp" />
    <ClCompile Include="CodeGeneration\InstructionsMuncherMunchExp.cpp" />
    <ClCompile Include="CodeGeneration\InsturctionsMuncher.cpp" />
    <ClCompile Include="CodeGeneration\InstructionsMuncherForAzat.cpp" />
    <ClCompile Include="RegisterAllocation\FlowControlGraphBuilder.cpp" />
    <ClCompile Include="RegisterAllocation\VarInterferenceGraphBuilder.cpp" />
    <ClCompile Include="ConditionalWrapper.cpp" />
  </ItemGroup>
  <ItemGroup>
    <ClInclude Include="Visitor.h" />
    <ClInclude Include="SymbolsTable\SymbolTableConstructor.h" />
    <ClInclude Include="parser.tab.hpp" />
    <ClInclude Include="common.h" />
    <ClInclude Include="AbstractTree\ClassDecl.h" />
    <ClInclude Include="AbstractTree\ClassDeclList.h" />
    <ClInclude Include="AbstractTree\Exp.h" />
    <ClInclude Include="AbstractTree\FormalList.h" />
    <ClInclude Include="AbstractTree\Grammar.h" />
    <ClInclude Include="AbstractTree\MainClass.h" />
    <ClInclude Include="AbstractTree\MethodDecl.h" />
    <ClInclude Include="AbstractTree\MethodDeclList.h" />
    <ClInclude Include="AbstractTree\PrettyPrinterVisitor.h" />
    <ClInclude Include="AbstractTree\Program.h" />
    <ClInclude Include="AbstractTree\Statement.h" />
    <ClInclude Include="AbstractTree\StatementList.h" />
    <ClInclude Include="AbstractTree\Type.h" />
    <ClInclude Include="AbstractTree\VarDecl.h" />
    <ClInclude Include="AbstractTree\VarDeclList.h" />
    <ClInclude Include="Frame.h" />
    <ClInclude Include="AbstractTree\ExpList.h" />
    <ClInclude Include="SymbolsTable\ErrorsAggregator.h" />
    <ClInclude Include="IRTree\IRTree.h" />
    <ClInclude Include="IRTree\IRExp.h" />
    <ClInclude Include="IRTree\IRHelpers.h" />
    <ClInclude Include="IRTree\Temp.h" />
    <ClInclude Include="SubtreeWrapper.h" />
    <ClInclude Include="IRTree\IRStm.h" />
    <ClInclude Include="AbstractTree\Location.h" />
    <ClInclude Include="SymbolsTable\ItemDescriptor.h" />
    <ClInclude Include="SymbolsTable\ClassDescriptor.h" />
    <ClInclude Include="SymbolsTable\MethodDescriptor.h" />
    <ClInclude Include="SymbolsTable\TypeIdentifier.h" />
    <ClInclude Include="SymbolsTable\VariableDescriptor.h" />
    <ClInclude Include="SymbolsTable\TypeChecker.h" />
    <ClInclude Include="SymbolsTable\SymbolsTable.h" />
    <ClInclude Include="StmConverter.h" />
    <ClInclude Include="Digrapg.h" />
    <ClInclude Include="IRTree\IRTreeToDigraphConverter.h" />
    <ClInclude Include="IRTree\IRForestBuilder.h" />
    <ClInclude Include="IRTree\IRTreeVisitor.h" />
    <ClInclude Include="IRCanonizer\IRTreeEseqLifter.h" />
    <ClInclude Include="IRCanonizer\IRTreeCallLifter.h" />
    <ClInclude Include="IRCanonizer\IRTreeLinearizer.h" />
    <ClInclude Include="CodeGeneration\Instruction.h" />
    <ClInclude Include="CodeGeneration\InstructionsMuncher.h" />
    <ClInclude Include="RegisterAllocation\DirectedGraph.hpp" />
    <ClInclude Include="RegisterAllocation\FlowControlGraphBuilder.h" />
    <ClInclude Include="RegisterAllocation\VarInterferenceGraphBuilder.h" />
    <ClInclude Include="ConditionalWrapper.h" />
    <ClInclude Include="FineAssert.h" />
  </ItemGroup>
  <ItemGroup>
    <CustomBuild Include="parser.y" />
    <CustomBuild Include="lexer.l" />
  </ItemGroup>
</Project>